title: 'Timeline Block'
fields:
  -
    handle: timeline
    field:
      fields:
        -
          import: icon
        -
          handle: head_line
          field:
            collapse: false
            always_show_set_button: false
            previews: true
            smart_typography: false
            buttons:
              - bold
            save_html: false
            inline: false
            toolbar_mode: fixed
            link_noopener: false
            link_noreferrer: false
            target_blank: false
            reading_time: false
            fullscreen: true
            allow_source: true
            enable_input_rules: true
            enable_paste_rules: true
            antlers: false
            remove_empty_nodes: false
            display: 'Head Line'
            type: bard
            icon: bard
            listable: hidden
            instructions_position: above
            visibility: visible
        -
          handle: text
          field:
            collapse: false
            always_show_set_button: false
            previews: true
            smart_typography: false
            buttons:
              - bold
            save_html: false
            inline: false
            toolbar_mode: fixed
            link_noopener: false
            link_noreferrer: false
            target_blank: false
            reading_time: false
            fullscreen: true
            allow_source: true
            enable_input_rules: true
            enable_paste_rules: true
            antlers: false
            remove_empty_nodes: false
            display: Text
            type: bard
            icon: bard
            listable: hidden
            instructions_position: above
            visibility: visible
        -
          handle: asset
          field:
            mode: list
            container: images
            restrict: false
            allow_uploads: true
            show_filename: true
            max_files: 1
            display: Asset
            type: assets
            icon: assets
            listable: hidden
            instructions_position: above
            visibility: visible
      mode: stacked
      min_rows: 1
      add_row: 'Add Event'
      reorderable: true
      display: Timeline
      type: grid
      icon: grid
      listable: hidden
      instructions_position: above
      visibility: visible
